// !$*UTF8*$!
{
	archiveVersion = 1;
	classes = {
	};
	objectVersion = 46;
	objects = {

/* Begin PBXBuildFile section */
		DA11A6F01D6CD1360047E0A5 /* AppDelegate.swift in Sources */ = {isa = PBXBuildFile; fileRef = DA11A6EF1D6CD1360047E0A5 /* AppDelegate.swift */; };
		DA11A6F21D6CD1360047E0A5 /* GameScene.sks in Resources */ = {isa = PBXBuildFile; fileRef = DA11A6F11D6CD1360047E0A5 /* GameScene.sks */; };
		DA11A6F41D6CD1360047E0A5 /* GameScene.swift in Sources */ = {isa = PBXBuildFile; fileRef = DA11A6F31D6CD1360047E0A5 /* GameScene.swift */; };
		DA11A6F61D6CD1360047E0A5 /* GameViewController.swift in Sources */ = {isa = PBXBuildFile; fileRef = DA11A6F51D6CD1360047E0A5 /* GameViewController.swift */; };
		DA11A6F91D6CD1360047E0A5 /* Main.storyboard in Resources */ = {isa = PBXBuildFile; fileRef = DA11A6F71D6CD1360047E0A5 /* Main.storyboard */; };
		DA11A6FB1D6CD1360047E0A5 /* Assets.xcassets in Resources */ = {isa = PBXBuildFile; fileRef = DA11A6FA1D6CD1360047E0A5 /* Assets.xcassets */; };
		DA11A6FE1D6CD1360047E0A5 /* LaunchScreen.storyboard in Resources */ = {isa = PBXBuildFile; fileRef = DA11A6FC1D6CD1360047E0A5 /* LaunchScreen.storyboard */; };
		DA11A7091D6CD1370047E0A5 /* Space_PhishTests.swift in Sources */ = {isa = PBXBuildFile; fileRef = DA11A7081D6CD1370047E0A5 /* Space_PhishTests.swift */; };
		DA11A7141D6CD1370047E0A5 /* Space_PhishUITests.swift in Sources */ = {isa = PBXBuildFile; fileRef = DA11A7131D6CD1370047E0A5 /* Space_PhishUITests.swift */; };
		DA22834A1D773BC500D1FC13 /* GameKit.framework in Frameworks */ = {isa = PBXBuildFile; fileRef = DA2283491D773BC500D1FC13 /* GameKit.framework */; };
		DA2283571D777B5B00D1FC13 /* Wagner-cut.mp3 in Resources */ = {isa = PBXBuildFile; fileRef = DA2283561D777B5B00D1FC13 /* Wagner-cut.mp3 */; };
		DAA8FE1E1D7F75A40022FA37 /* Tschaikovsky.mp3 in Resources */ = {isa = PBXBuildFile; fileRef = DAA8FE1D1D7F75A40022FA37 /* Tschaikovsky.mp3 */; };
		DAB320461DFB5702007BED49 /* GoogleMobileAds.framework in Frameworks */ = {isa = PBXBuildFile; fileRef = DAB320451DFB5702007BED49 /* GoogleMobileAds.framework */; };
		DAD87CD61D7C9B3800CB7BE9 /* GoogleService-Info (1).plist in Resources */ = {isa = PBXBuildFile; fileRef = DAD87CD51D7C9B3800CB7BE9 /* GoogleService-Info (1).plist */; };
		DAD87CD71D7C9B3800CB7BE9 /* GoogleService-Info (1).plist in Resources */ = {isa = PBXBuildFile; fileRef = DAD87CD51D7C9B3800CB7BE9 /* GoogleService-Info (1).plist */; };
		DAD87CD81D7C9B3800CB7BE9 /* GoogleService-Info (1).plist in Resources */ = {isa = PBXBuildFile; fileRef = DAD87CD51D7C9B3800CB7BE9 /* GoogleService-Info (1).plist */; };
		DAD87D1D1D7E37C400CB7BE9 /* AdSupport.framework in Frameworks */ = {isa = PBXBuildFile; fileRef = DAD87D1C1D7E37C400CB7BE9 /* AdSupport.framework */; };
		DAD87D1F1D7E37C900CB7BE9 /* AudioToolbox.framework in Frameworks */ = {isa = PBXBuildFile; fileRef = DAD87D1E1D7E37C900CB7BE9 /* AudioToolbox.framework */; };
		DAD87D211D7E37DD00CB7BE9 /* AVFoundation.framework in Frameworks */ = {isa = PBXBuildFile; fileRef = DAD87D201D7E37DD00CB7BE9 /* AVFoundation.framework */; };
		DAD87D231D7E380600CB7BE9 /* CoreMedia.framework in Frameworks */ = {isa = PBXBuildFile; fileRef = DAD87D221D7E380600CB7BE9 /* CoreMedia.framework */; };
		DAD87D251D7E380C00CB7BE9 /* CoreGraphics.framework in Frameworks */ = {isa = PBXBuildFile; fileRef = DAD87D241D7E380C00CB7BE9 /* CoreGraphics.framework */; };
		DAD87D271D7E381300CB7BE9 /* CoreTelephony.framework in Frameworks */ = {isa = PBXBuildFile; fileRef = DAD87D261D7E381300CB7BE9 /* CoreTelephony.framework */; };
		DAD87D291D7E382E00CB7BE9 /* EventKitUI.framework in Frameworks */ = {isa = PBXBuildFile; fileRef = DAD87D281D7E382E00CB7BE9 /* EventKitUI.framework */; };
		DAD87D2B1D7E383400CB7BE9 /* EventKit.framework in Frameworks */ = {isa = PBXBuildFile; fileRef = DAD87D2A1D7E383400CB7BE9 /* EventKit.framework */; };
		DAD87D2D1D7E384500CB7BE9 /* MediaPlayer.framework in Frameworks */ = {isa = PBXBuildFile; fileRef = DAD87D2C1D7E384500CB7BE9 /* MediaPlayer.framework */; };
		DAD87D2F1D7E385700CB7BE9 /* MessageUI.framework in Frameworks */ = {isa = PBXBuildFile; fileRef = DAD87D2E1D7E385700CB7BE9 /* MessageUI.framework */; };
		DAD87D311D7E386900CB7BE9 /* StoreKit.framework in Frameworks */ = {isa = PBXBuildFile; fileRef = DAD87D301D7E386900CB7BE9 /* StoreKit.framework */; };
		DAD87D331D7E387600CB7BE9 /* SystemConfiguration.framework in Frameworks */ = {isa = PBXBuildFile; fileRef = DAD87D321D7E387600CB7BE9 /* SystemConfiguration.framework */; };
/* End PBXBuildFile section */

/* Begin PBXContainerItemProxy section */
		DA11A7051D6CD1370047E0A5 /* PBXContainerItemProxy */ = {
			isa = PBXContainerItemProxy;
			containerPortal = DA11A6E41D6CD1360047E0A5 /* Project object */;
			proxyType = 1;
			remoteGlobalIDString = DA11A6EB1D6CD1360047E0A5;
			remoteInfo = "Space Phish";
		};
		DA11A7101D6CD1370047E0A5 /* PBXContainerItemProxy */ = {
			isa = PBXContainerItemProxy;
			containerPortal = DA11A6E41D6CD1360047E0A5 /* Project object */;
			proxyType = 1;
			remoteGlobalIDString = DA11A6EB1D6CD1360047E0A5;
			remoteInfo = "Space Phish";
		};
/* End PBXContainerItemProxy section */

/* Begin PBXFileReference section */
		DA11A6EC1D6CD1360047E0A5 /* Space Phish.app */ = {isa = PBXFileReference; explicitFileType = wrapper.application; includeInIndex = 0; path = "Space Phish.app"; sourceTree = BUILT_PRODUCTS_DIR; };
		DA11A6EF1D6CD1360047E0A5 /* AppDelegate.swift */ = {isa = PBXFileReference; lastKnownFileType = sourcecode.swift; path = AppDelegate.swift; sourceTree = "<group>"; };
		DA11A6F11D6CD1360047E0A5 /* GameScene.sks */ = {isa = PBXFileReference; lastKnownFileType = file.sks; path = GameScene.sks; sourceTree = "<group>"; };
		DA11A6F31D6CD1360047E0A5 /* GameScene.swift */ = {isa = PBXFileReference; lastKnownFileType = sourcecode.swift; path = GameScene.swift; sourceTree = "<group>"; };
		DA11A6F51D6CD1360047E0A5 /* GameViewController.swift */ = {isa = PBXFileReference; lastKnownFileType = sourcecode.swift; path = GameViewController.swift; sourceTree = "<group>"; };
		DA11A6F81D6CD1360047E0A5 /* Base */ = {isa = PBXFileReference; lastKnownFileType = file.storyboard; name = Base; path = Base.lproj/Main.storyboard; sourceTree = "<group>"; };
		DA11A6FA1D6CD1360047E0A5 /* Assets.xcassets */ = {isa = PBXFileReference; lastKnownFileType = folder.assetcatalog; path = Assets.xcassets; sourceTree = "<group>"; };
		DA11A6FD1D6CD1360047E0A5 /* Base */ = {isa = PBXFileReference; lastKnownFileType = file.storyboard; name = Base; path = Base.lproj/LaunchScreen.storyboard; sourceTree = "<group>"; };
		DA11A6FF1D6CD1360047E0A5 /* Info.plist */ = {isa = PBXFileReference; lastKnownFileType = text.plist.xml; path = Info.plist; sourceTree = "<group>"; };
		DA11A7041D6CD1370047E0A5 /* Space PhishTests.xctest */ = {isa = PBXFileReference; explicitFileType = wrapper.cfbundle; includeInIndex = 0; path = "Space PhishTests.xctest"; sourceTree = BUILT_PRODUCTS_DIR; };
		DA11A7081D6CD1370047E0A5 /* Space_PhishTests.swift */ = {isa = PBXFileReference; lastKnownFileType = sourcecode.swift; path = Space_PhishTests.swift; sourceTree = "<group>"; };
		DA11A70A1D6CD1370047E0A5 /* Info.plist */ = {isa = PBXFileReference; lastKnownFileType = text.plist.xml; path = Info.plist; sourceTree = "<group>"; };
		DA11A70F1D6CD1370047E0A5 /* Space PhishUITests.xctest */ = {isa = PBXFileReference; explicitFileType = wrapper.cfbundle; includeInIndex = 0; path = "Space PhishUITests.xctest"; sourceTree = BUILT_PRODUCTS_DIR; };
		DA11A7131D6CD1370047E0A5 /* Space_PhishUITests.swift */ = {isa = PBXFileReference; lastKnownFileType = sourcecode.swift; path = Space_PhishUITests.swift; sourceTree = "<group>"; };
		DA11A7151D6CD1370047E0A5 /* Info.plist */ = {isa = PBXFileReference; lastKnownFileType = text.plist.xml; path = Info.plist; sourceTree = "<group>"; };
		DA2283491D773BC500D1FC13 /* GameKit.framework */ = {isa = PBXFileReference; lastKnownFileType = wrapper.framework; name = GameKit.framework; path = System/Library/Frameworks/GameKit.framework; sourceTree = SDKROOT; };
		DA2283561D777B5B00D1FC13 /* Wagner-cut.mp3 */ = {isa = PBXFileReference; lastKnownFileType = audio.mp3; path = "Wagner-cut.mp3"; sourceTree = "<group>"; };
		DAA8FE1D1D7F75A40022FA37 /* Tschaikovsky.mp3 */ = {isa = PBXFileReference; lastKnownFileType = audio.mp3; path = Tschaikovsky.mp3; sourceTree = "<group>"; };
		DAB320451DFB5702007BED49 /* GoogleMobileAds.framework */ = {isa = PBXFileReference; lastKnownFileType = wrapper.framework; path = GoogleMobileAds.framework; sourceTree = "<group>"; };
		DABE7BA41D764A19003F134A /* Space Phish-Bridging-Header.h */ = {isa = PBXFileReference; fileEncoding = 4; lastKnownFileType = sourcecode.c.h; path = "Space Phish-Bridging-Header.h"; sourceTree = "<group>"; };
		DACFD2641D76318C0013A866 /* Social.framework */ = {isa = PBXFileReference; lastKnownFileType = wrapper.framework; name = Social.framework; path = System/Library/Frameworks/Social.framework; sourceTree = SDKROOT; };
		DAD87CD51D7C9B3800CB7BE9 /* GoogleService-Info (1).plist */ = {isa = PBXFileReference; fileEncoding = 4; lastKnownFileType = text.plist.xml; path = "GoogleService-Info (1).plist"; sourceTree = "<group>"; };
		DAD87D1C1D7E37C400CB7BE9 /* AdSupport.framework */ = {isa = PBXFileReference; lastKnownFileType = wrapper.framework; name = AdSupport.framework; path = System/Library/Frameworks/AdSupport.framework; sourceTree = SDKROOT; };
		DAD87D1E1D7E37C900CB7BE9 /* AudioToolbox.framework */ = {isa = PBXFileReference; lastKnownFileType = wrapper.framework; name = AudioToolbox.framework; path = System/Library/Frameworks/AudioToolbox.framework; sourceTree = SDKROOT; };
		DAD87D201D7E37DD00CB7BE9 /* AVFoundation.framework */ = {isa = PBXFileReference; lastKnownFileType = wrapper.framework; name = AVFoundation.framework; path = System/Library/Frameworks/AVFoundation.framework; sourceTree = SDKROOT; };
		DAD87D221D7E380600CB7BE9 /* CoreMedia.framework */ = {isa = PBXFileReference; lastKnownFileType = wrapper.framework; name = CoreMedia.framework; path = System/Library/Frameworks/CoreMedia.framework; sourceTree = SDKROOT; };
		DAD87D241D7E380C00CB7BE9 /* CoreGraphics.framework */ = {isa = PBXFileReference; lastKnownFileType = wrapper.framework; name = CoreGraphics.framework; path = System/Library/Frameworks/CoreGraphics.framework; sourceTree = SDKROOT; };
		DAD87D261D7E381300CB7BE9 /* CoreTelephony.framework */ = {isa = PBXFileReference; lastKnownFileType = wrapper.framework; name = CoreTelephony.framework; path = System/Library/Frameworks/CoreTelephony.framework; sourceTree = SDKROOT; };
		DAD87D281D7E382E00CB7BE9 /* EventKitUI.framework */ = {isa = PBXFileReference; lastKnownFileType = wrapper.framework; name = EventKitUI.framework; path = System/Library/Frameworks/EventKitUI.framework; sourceTree = SDKROOT; };
		DAD87D2A1D7E383400CB7BE9 /* EventKit.framework */ = {isa = PBXFileReference; lastKnownFileType = wrapper.framework; name = EventKit.framework; path = System/Library/Frameworks/EventKit.framework; sourceTree = SDKROOT; };
		DAD87D2C1D7E384500CB7BE9 /* MediaPlayer.framework */ = {isa = PBXFileReference; lastKnownFileType = wrapper.framework; name = MediaPlayer.framework; path = System/Library/Frameworks/MediaPlayer.framework; sourceTree = SDKROOT; };
		DAD87D2E1D7E385700CB7BE9 /* MessageUI.framework */ = {isa = PBXFileReference; lastKnownFileType = wrapper.framework; name = MessageUI.framework; path = System/Library/Frameworks/MessageUI.framework; sourceTree = SDKROOT; };
		DAD87D301D7E386900CB7BE9 /* StoreKit.framework */ = {isa = PBXFileReference; lastKnownFileType = wrapper.framework; name = StoreKit.framework; path = System/Library/Frameworks/StoreKit.framework; sourceTree = SDKROOT; };
		DAD87D321D7E387600CB7BE9 /* SystemConfiguration.framework */ = {isa = PBXFileReference; lastKnownFileType = wrapper.framework; name = SystemConfiguration.framework; path = System/Library/Frameworks/SystemConfiguration.framework; sourceTree = SDKROOT; };
/* End PBXFileReference section */

/* Begin PBXFrameworksBuildPhase section */
		DA11A6E91D6CD1360047E0A5 /* Frameworks */ = {
			isa = PBXFrameworksBuildPhase;
			buildActionMask = 2147483647;
			files = (
				DAD87D331D7E387600CB7BE9 /* SystemConfiguration.framework in Frameworks */,
				DAD87D311D7E386900CB7BE9 /* StoreKit.framework in Frameworks */,
				DAD87D2F1D7E385700CB7BE9 /* MessageUI.framework in Frameworks */,
				DAD87D2D1D7E384500CB7BE9 /* MediaPlayer.framework in Frameworks */,
				DAD87D2B1D7E383400CB7BE9 /* EventKit.framework in Frameworks */,
				DAD87D291D7E382E00CB7BE9 /* EventKitUI.framework in Frameworks */,
				DAD87D271D7E381300CB7BE9 /* CoreTelephony.framework in Frameworks */,
				DAD87D251D7E380C00CB7BE9 /* CoreGraphics.framework in Frameworks */,
				DAD87D231D7E380600CB7BE9 /* CoreMedia.framework in Frameworks */,
				DAD87D211D7E37DD00CB7BE9 /* AVFoundation.framework in Frameworks */,
				DAD87D1F1D7E37C900CB7BE9 /* AudioToolbox.framework in Frameworks */,
				DAD87D1D1D7E37C400CB7BE9 /* AdSupport.framework in Frameworks */,
				DAB320461DFB5702007BED49 /* GoogleMobileAds.framework in Frameworks */,
				DA22834A1D773BC500D1FC13 /* GameKit.framework in Frameworks */,
			);
			runOnlyForDeploymentPostprocessing = 0;
		};
		DA11A7011D6CD1370047E0A5 /* Frameworks */ = {
			isa = PBXFrameworksBuildPhase;
			buildActionMask = 2147483647;
			files = (
			);
			runOnlyForDeploymentPostprocessing = 0;
		};
		DA11A70C1D6CD1370047E0A5 /* Frameworks */ = {
			isa = PBXFrameworksBuildPhase;
			buildActionMask = 2147483647;
			files = (
			);
			runOnlyForDeploymentPostprocessing = 0;
		};
/* End PBXFrameworksBuildPhase section */

/* Begin PBXGroup section */
		DA11A6E31D6CD1360047E0A5 = {
			isa = PBXGroup;
			children = (
				DAB320451DFB5702007BED49 /* GoogleMobileAds.framework */,
				DAD87D171D7E375600CB7BE9 /* AdMob */,
				DA2283491D773BC500D1FC13 /* GameKit.framework */,
				DACFD2641D76318C0013A866 /* Social.framework */,
				DA11A6EE1D6CD1360047E0A5 /* Space Phish */,
				DA11A7071D6CD1370047E0A5 /* Space PhishTests */,
				DA11A7121D6CD1370047E0A5 /* Space PhishUITests */,
				DA11A6ED1D6CD1360047E0A5 /* Products */,
			);
			sourceTree = "<group>";
		};
		DA11A6ED1D6CD1360047E0A5 /* Products */ = {
			isa = PBXGroup;
			children = (
				DA11A6EC1D6CD1360047E0A5 /* Space Phish.app */,
				DA11A7041D6CD1370047E0A5 /* Space PhishTests.xctest */,
				DA11A70F1D6CD1370047E0A5 /* Space PhishUITests.xctest */,
			);
			name = Products;
			sourceTree = "<group>";
		};
		DA11A6EE1D6CD1360047E0A5 /* Space Phish */ = {
			isa = PBXGroup;
			children = (
				DA2283551D777A8400D1FC13 /* Sound Assets */,
				DA11A6EF1D6CD1360047E0A5 /* AppDelegate.swift */,
				DA11A6F11D6CD1360047E0A5 /* GameScene.sks */,
				DA11A6F31D6CD1360047E0A5 /* GameScene.swift */,
				DA11A6F51D6CD1360047E0A5 /* GameViewController.swift */,
				DA11A6F71D6CD1360047E0A5 /* Main.storyboard */,
				DA11A6FA1D6CD1360047E0A5 /* Assets.xcassets */,
				DA11A6FC1D6CD1360047E0A5 /* LaunchScreen.storyboard */,
				DABE7BA41D764A19003F134A /* Space Phish-Bridging-Header.h */,
				DA11A6FF1D6CD1360047E0A5 /* Info.plist */,
				DAD87CD51D7C9B3800CB7BE9 /* GoogleService-Info (1).plist */,
			);
			path = "Space Phish";
			sourceTree = "<group>";
		};
		DA11A7071D6CD1370047E0A5 /* Space PhishTests */ = {
			isa = PBXGroup;
			children = (
				DA11A7081D6CD1370047E0A5 /* Space_PhishTests.swift */,
				DA11A70A1D6CD1370047E0A5 /* Info.plist */,
			);
			path = "Space PhishTests";
			sourceTree = "<group>";
		};
		DA11A7121D6CD1370047E0A5 /* Space PhishUITests */ = {
			isa = PBXGroup;
			children = (
				DA11A7131D6CD1370047E0A5 /* Space_PhishUITests.swift */,
				DA11A7151D6CD1370047E0A5 /* Info.plist */,
			);
			path = "Space PhishUITests";
			sourceTree = "<group>";
		};
		DA2283551D777A8400D1FC13 /* Sound Assets */ = {
			isa = PBXGroup;
			children = (
				DAA8FE1D1D7F75A40022FA37 /* Tschaikovsky.mp3 */,
				DA2283561D777B5B00D1FC13 /* Wagner-cut.mp3 */,
			);
			name = "Sound Assets";
			sourceTree = "<group>";
		};
		DAD87D171D7E375600CB7BE9 /* AdMob */ = {
			isa = PBXGroup;
			children = (
				DAD87D1C1D7E37C400CB7BE9 /* AdSupport.framework */,
				DAD87D1E1D7E37C900CB7BE9 /* AudioToolbox.framework */,
				DAD87D201D7E37DD00CB7BE9 /* AVFoundation.framework */,
				DAD87D221D7E380600CB7BE9 /* CoreMedia.framework */,
				DAD87D241D7E380C00CB7BE9 /* CoreGraphics.framework */,
				DAD87D261D7E381300CB7BE9 /* CoreTelephony.framework */,
				DAD87D281D7E382E00CB7BE9 /* EventKitUI.framework */,
				DAD87D2A1D7E383400CB7BE9 /* EventKit.framework */,
				DAD87D2C1D7E384500CB7BE9 /* MediaPlayer.framework */,
				DAD87D2E1D7E385700CB7BE9 /* MessageUI.framework */,
				DAD87D301D7E386900CB7BE9 /* StoreKit.framework */,
				DAD87D321D7E387600CB7BE9 /* SystemConfiguration.framework */,
			);
			name = AdMob;
			sourceTree = "<group>";
		};
/* End PBXGroup section */

/* Begin PBXNativeTarget section */
		DA11A6EB1D6CD1360047E0A5 /* Space Phish */ = {
			isa = PBXNativeTarget;
			buildConfigurationList = DA11A7181D6CD1370047E0A5 /* Build configuration list for PBXNativeTarget "Space Phish" */;
			buildPhases = (
				DA11A6E81D6CD1360047E0A5 /* Sources */,
				DA11A6E91D6CD1360047E0A5 /* Frameworks */,
				DA11A6EA1D6CD1360047E0A5 /* Resources */,
			);
			buildRules = (
			);
			dependencies = (
			);
			name = "Space Phish";
			productName = "Space Phish";
			productReference = DA11A6EC1D6CD1360047E0A5 /* Space Phish.app */;
			productType = "com.apple.product-type.application";
		};
		DA11A7031D6CD1370047E0A5 /* Space PhishTests */ = {
			isa = PBXNativeTarget;
			buildConfigurationList = DA11A71B1D6CD1370047E0A5 /* Build configuration list for PBXNativeTarget "Space PhishTests" */;
			buildPhases = (
				DA11A7001D6CD1370047E0A5 /* Sources */,
				DA11A7011D6CD1370047E0A5 /* Frameworks */,
				DA11A7021D6CD1370047E0A5 /* Resources */,
			);
			buildRules = (
			);
			dependencies = (
				DA11A7061D6CD1370047E0A5 /* PBXTargetDependency */,
			);
			name = "Space PhishTests";
			productName = "Space PhishTests";
			productReference = DA11A7041D6CD1370047E0A5 /* Space PhishTests.xctest */;
			productType = "com.apple.product-type.bundle.unit-test";
		};
		DA11A70E1D6CD1370047E0A5 /* Space PhishUITests */ = {
			isa = PBXNativeTarget;
			buildConfigurationList = DA11A71E1D6CD1370047E0A5 /* Build configuration list for PBXNativeTarget "Space PhishUITests" */;
			buildPhases = (
				DA11A70B1D6CD1370047E0A5 /* Sources */,
				DA11A70C1D6CD1370047E0A5 /* Frameworks */,
				DA11A70D1D6CD1370047E0A5 /* Resources */,
			);
			buildRules = (
			);
			dependencies = (
				DA11A7111D6CD1370047E0A5 /* PBXTargetDependency */,
			);
			name = "Space PhishUITests";
			productName = "Space PhishUITests";
			productReference = DA11A70F1D6CD1370047E0A5 /* Space PhishUITests.xctest */;
			productType = "com.apple.product-type.bundle.ui-testing";
		};
/* End PBXNativeTarget section */

/* Begin PBXProject section */
		DA11A6E41D6CD1360047E0A5 /* Project object */ = {
			isa = PBXProject;
			attributes = {
				LastSwiftUpdateCheck = 0730;
				LastUpgradeCheck = 0800;
				ORGANIZATIONNAME = Breakware;
				TargetAttributes = {
					DA11A6EB1D6CD1360047E0A5 = {
						CreatedOnToolsVersion = 7.3.1;
						DevelopmentTeam = NEN4JTPFT6;
						LastSwiftMigration = 0800;
						SystemCapabilities = {
							com.apple.GameCenter = {
								enabled = 1;
							};
						};
					};
					DA11A7031D6CD1370047E0A5 = {
						CreatedOnToolsVersion = 7.3.1;
						LastSwiftMigration = 0800;
						TestTargetID = DA11A6EB1D6CD1360047E0A5;
					};
					DA11A70E1D6CD1370047E0A5 = {
						CreatedOnToolsVersion = 7.3.1;
						LastSwiftMigration = 0800;
						TestTargetID = DA11A6EB1D6CD1360047E0A5;
					};
				};
			};
			buildConfigurationList = DA11A6E71D6CD1360047E0A5 /* Build configuration list for PBXProject "Space Phish" */;
			compatibilityVersion = "Xcode 3.2";
			developmentRegion = English;
			hasScannedForEncodings = 0;
			knownRegions = (
				en,
				Base,
			);
			mainGroup = DA11A6E31D6CD1360047E0A5;
			productRefGroup = DA11A6ED1D6CD1360047E0A5 /* Products */;
			projectDirPath = "";
			projectRoot = "";
			targets = (
				DA11A6EB1D6CD1360047E0A5 /* Space Phish */,
				DA11A7031D6CD1370047E0A5 /* Space PhishTests */,
				DA11A70E1D6CD1370047E0A5 /* Space PhishUITests */,
			);
		};
/* End PBXProject section */

/* Begin PBXResourcesBuildPhase section */
		DA11A6EA1D6CD1360047E0A5 /* Resources */ = {
			isa = PBXResourcesBuildPhase;
			buildActionMask = 2147483647;
			files = (
				DA2283571D777B5B00D1FC13 /* Wagner-cut.mp3 in Resources */,
				DA11A6F21D6CD1360047E0A5 /* GameScene.sks in Resources */,
				DA11A6FE1D6CD1360047E0A5 /* LaunchScreen.storyboard in Resources */,
				DA11A6FB1D6CD1360047E0A5 /* Assets.xcassets in Resources */,
				DA11A6F91D6CD1360047E0A5 /* Main.storyboard in Resources */,
				DAD87CD61D7C9B3800CB7BE9 /* GoogleService-Info (1).plist in Resources */,
				DAA8FE1E1D7F75A40022FA37 /* Tschaikovsky.mp3 in Resources */,
			);
			runOnlyForDeploymentPostprocessing = 0;
		};
		DA11A7021D6CD1370047E0A5 /* Resources */ = {
			isa = PBXResourcesBuildPhase;
			buildActionMask = 2147483647;
			files = (
				DAD87CD71D7C9B3800CB7BE9 /* GoogleService-Info (1).plist in Resources */,
			);
			runOnlyForDeploymentPostprocessing = 0;
		};
		DA11A70D1D6CD1370047E0A5 /* Resources */ = {
			isa = PBXResourcesBuildPhase;
			buildActionMask = 2147483647;
			files = (
				DAD87CD81D7C9B3800CB7BE9 /* GoogleService-Info (1).plist in Resources */,
			);
			runOnlyForDeploymentPostprocessing = 0;
		};
/* End PBXResourcesBuildPhase section */

/* Begin PBXSourcesBuildPhase section */
		DA11A6E81D6CD1360047E0A5 /* Sources */ = {
			isa = PBXSourcesBuildPhase;
			buildActionMask = 2147483647;
			files = (
				DA11A6F41D6CD1360047E0A5 /* GameScene.swift in Sources */,
				DA11A6F61D6CD1360047E0A5 /* GameViewController.swift in Sources */,
				DA11A6F01D6CD1360047E0A5 /* AppDelegate.swift in Sources */,
			);
			runOnlyForDeploymentPostprocessing = 0;
		};
		DA11A7001D6CD1370047E0A5 /* Sources */ = {
			isa = PBXSourcesBuildPhase;
			buildActionMask = 2147483647;
			files = (
				DA11A7091D6CD1370047E0A5 /* Space_PhishTests.swift in Sources */,
			);
			runOnlyForDeploymentPostprocessing = 0;
		};
		DA11A70B1D6CD1370047E0A5 /* Sources */ = {
			isa = PBXSourcesBuildPhase;
			buildActionMask = 2147483647;
			files = (
				DA11A7141D6CD1370047E0A5 /* Space_PhishUITests.swift in Sources */,
			);
			runOnlyForDeploymentPostprocessing = 0;
		};
/* End PBXSourcesBuildPhase section */

/* Begin PBXTargetDependency section */
		DA11A7061D6CD1370047E0A5 /* PBXTargetDependency */ = {
			isa = PBXTargetDependency;
			target = DA11A6EB1D6CD1360047E0A5 /* Space Phish */;
			targetProxy = DA11A7051D6CD1370047E0A5 /* PBXContainerItemProxy */;
		};
		DA11A7111D6CD1370047E0A5 /* PBXTargetDependency */ = {
			isa = PBXTargetDependency;
			target = DA11A6EB1D6CD1360047E0A5 /* Space Phish */;
			targetProxy = DA11A7101D6CD1370047E0A5 /* PBXContainerItemProxy */;
		};
/* End PBXTargetDependency section */

/* Begin PBXVariantGroup section */
		DA11A6F71D6CD1360047E0A5 /* Main.storyboard */ = {
			isa = PBXVariantGroup;
			children = (
				DA11A6F81D6CD1360047E0A5 /* Base */,
			);
			name = Main.storyboard;
			sourceTree = "<group>";
		};
		DA11A6FC1D6CD1360047E0A5 /* LaunchScreen.storyboard */ = {
			isa = PBXVariantGroup;
			children = (
				DA11A6FD1D6CD1360047E0A5 /* Base */,
			);
			name = LaunchScreen.storyboard;
			sourceTree = "<group>";
		};
/* End PBXVariantGroup section */

/* Begin XCBuildConfiguration section */
		DA11A7161D6CD1370047E0A5 /* Debug */ = {
			isa = XCBuildConfiguration;
			buildSettings = {
				ALWAYS_SEARCH_USER_PATHS = NO;
				CLANG_ANALYZER_NONNULL = YES;
				CLANG_CXX_LANGUAGE_STANDARD = "gnu++0x";
				CLANG_CXX_LIBRARY = "libc++";
				CLANG_ENABLE_MODULES = YES;
				CLANG_ENABLE_OBJC_ARC = YES;
				CLANG_WARN_BOOL_CONVERSION = YES;
				CLANG_WARN_CONSTANT_CONVERSION = YES;
				CLANG_WARN_DIRECT_OBJC_ISA_USAGE = YES_ERROR;
				CLANG_WARN_EMPTY_BODY = YES;
				CLANG_WARN_ENUM_CONVERSION = YES;
				CLANG_WARN_INFINITE_RECURSION = YES;
				CLANG_WARN_INT_CONVERSION = YES;
				CLANG_WARN_OBJC_ROOT_CLASS = YES_ERROR;
				CLANG_WARN_SUSPICIOUS_MOVE = YES;
				CLANG_WARN_UNREACHABLE_CODE = YES;
				CLANG_WARN__DUPLICATE_METHOD_MATCH = YES;
				CODE_SIGN_IDENTITY = "iPhone Developer";
				"CODE_SIGN_IDENTITY[sdk=iphoneos*]" = "iPhone Developer";
				COPY_PHASE_STRIP = NO;
				DEBUG_INFORMATION_FORMAT = "dwarf-with-dsym";
				ENABLE_STRICT_OBJC_MSGSEND = YES;
				ENABLE_TESTABILITY = YES;
				GCC_C_LANGUAGE_STANDARD = gnu99;
				GCC_DYNAMIC_NO_PIC = NO;
				GCC_NO_COMMON_BLOCKS = YES;
				GCC_OPTIMIZATION_LEVEL = 0;
				GCC_PREPROCESSOR_DEFINITIONS = (
					"DEBUG=1",
					"$(inherited)",
				);
				GCC_WARN_64_TO_32_BIT_CONVERSION = YES;
				GCC_WARN_ABOUT_RETURN_TYPE = YES_ERROR;
				GCC_WARN_UNDECLARED_SELECTOR = YES;
				GCC_WARN_UNINITIALIZED_AUTOS = YES_AGGRESSIVE;
				GCC_WARN_UNUSED_FUNCTION = YES;
				GCC_WARN_UNUSED_VARIABLE = YES;
				IPHONEOS_DEPLOYMENT_TARGET = 9.3;
				MTL_ENABLE_DEBUG_INFO = YES;
				ONLY_ACTIVE_ARCH = YES;
				SDKROOT = iphoneos;
				SWIFT_OBJC_BRIDGING_HEADER = "";
				SWIFT_OPTIMIZATION_LEVEL = "-Onone";
				TARGETED_DEVICE_FAMILY = "1,2";
			};
			name = Debug;
		};
		DA11A7171D6CD1370047E0A5 /* Release */ = {
			isa = XCBuildConfiguration;
			buildSettings = {
				ALWAYS_SEARCH_USER_PATHS = NO;
				CLANG_ANALYZER_NONNULL = YES;
				CLANG_CXX_LANGUAGE_STANDARD = "gnu++0x";
				CLANG_CXX_LIBRARY = "libc++";
				CLANG_ENABLE_MODULES = YES;
				CLANG_ENABLE_OBJC_ARC = YES;
				CLANG_WARN_BOOL_CONVERSION = YES;
				CLANG_WARN_CONSTANT_CONVERSION = YES;
				CLANG_WARN_DIRECT_OBJC_ISA_USAGE = YES_ERROR;
				CLANG_WARN_EMPTY_BODY = YES;
				CLANG_WARN_ENUM_CONVERSION = YES;
				CLANG_WARN_INFINITE_RECURSION = YES;
				CLANG_WARN_INT_CONVERSION = YES;
				CLANG_WARN_OBJC_ROOT_CLASS = YES_ERROR;
				CLANG_WARN_SUSPICIOUS_MOVE = YES;
				CLANG_WARN_UNREACHABLE_CODE = YES;
				CLANG_WARN__DUPLICATE_METHOD_MATCH = YES;
				CODE_SIGN_IDENTITY = "iPhone Developer";
				"CODE_SIGN_IDENTITY[sdk=iphoneos*]" = "iPhone Developer";
				COPY_PHASE_STRIP = NO;
				DEBUG_INFORMATION_FORMAT = "dwarf-with-dsym";
				ENABLE_NS_ASSERTIONS = NO;
				ENABLE_STRICT_OBJC_MSGSEND = YES;
				GCC_C_LANGUAGE_STANDARD = gnu99;
				GCC_NO_COMMON_BLOCKS = YES;
				GCC_WARN_64_TO_32_BIT_CONVERSION = YES;
				GCC_WARN_ABOUT_RETURN_TYPE = YES_ERROR;
				GCC_WARN_UNDECLARED_SELECTOR = YES;
				GCC_WARN_UNINITIALIZED_AUTOS = YES_AGGRESSIVE;
				GCC_WARN_UNUSED_FUNCTION = YES;
				GCC_WARN_UNUSED_VARIABLE = YES;
				IPHONEOS_DEPLOYMENT_TARGET = 9.3;
				MTL_ENABLE_DEBUG_INFO = NO;
				SDKROOT = iphoneos;
				SWIFT_OBJC_BRIDGING_HEADER = "";
				SWIFT_OPTIMIZATION_LEVEL = "-Owholemodule";
				TARGETED_DEVICE_FAMILY = "1,2";
				VALIDATE_PRODUCT = YES;
			};
			name = Release;
		};
		DA11A7191D6CD1370047E0A5 /* Debug */ = {
			isa = XCBuildConfiguration;
			buildSettings = {
				ASSETCATALOG_COMPILER_APPICON_NAME = AppIcon;
				CLANG_ENABLE_MODULES = YES;
				CODE_SIGN_IDENTITY = "iPhone Developer";
				FRAMEWORK_SEARCH_PATHS = (
					"$(inherited)",
					"$(PROJECT_DIR)",
				);
				INFOPLIST_FILE = "Space Phish/Info.plist";
				LD_RUNPATH_SEARCH_PATHS = "$(inherited) @executable_path/Frameworks";
				PRODUCT_BUNDLE_IDENTIFIER = "Breakware.Space-Phish";
				PRODUCT_NAME = "$(TARGET_NAME)";
				SWIFT_OBJC_BRIDGING_HEADER = "Space Phish/Space Phish-Bridging-Header.h";
				SWIFT_OPTIMIZATION_LEVEL = "-Onone";
				SWIFT_VERSION = 3.0;
				TARGETED_DEVICE_FAMILY = "1,2";
			};
			name = Debug;
		};
		DA11A71A1D6CD1370047E0A5 /* Release */ = {
			isa = XCBuildConfiguration;
			buildSettings = {
				ASSETCATALOG_COMPILER_APPICON_NAME = AppIcon;
				CLANG_ENABLE_MODULES = YES;
				CODE_SIGN_IDENTITY = "iPhone Developer";
				FRAMEWORK_SEARCH_PATHS = (
					"$(inherited)",
					"$(PROJECT_DIR)",
				);
				INFOPLIST_FILE = "Space Phish/Info.plist";
				LD_RUNPATH_SEARCH_PATHS = "$(inherited) @executable_path/Frameworks";
				PRODUCT_BUNDLE_IDENTIFIER = "Breakware.Space-Phish";
				PRODUCT_NAME = "$(TARGET_NAME)";
				SWIFT_OBJC_BRIDGING_HEADER = "Space Phish/Space Phish-Bridging-Header.h";
				SWIFT_VERSION = 3.0;
				TARGETED_DEVICE_FAMILY = "1,2";
			};
			name = Release;
		};
		DA11A71C1D6CD1370047E0A5 /* Debug */ = {
			isa = XCBuildConfiguration;
			buildSettings = {
				BUNDLE_LOADER = "$(TEST_HOST)";
				DEBUG_INFORMATION_FORMAT = dwarf;
				INFOPLIST_FILE = "Space PhishTests/Info.plist";
				LD_RUNPATH_SEARCH_PATHS = "$(inherited) @executable_path/Frameworks @loader_path/Frameworks";
				PRODUCT_BUNDLE_IDENTIFIER = "Breakware.Space-PhishTests";
				PRODUCT_NAME = "$(TARGET_NAME)";
				SWIFT_VERSION = 3.0;
				TEST_HOST = "$(BUILT_PRODUCTS_DIR)/Space Phish.app/Space Phish";
			};
			name = Debug;
		};
		DA11A71D1D6CD1370047E0A5 /* Release */ = {
			isa = XCBuildConfiguration;
			buildSettings = {
				BUNDLE_LOADER = "$(TEST_HOST)";
				INFOPLIST_FILE = "Space PhishTests/Info.plist";
				LD_RUNPATH_SEARCH_PATHS = "$(inherited) @executable_path/Frameworks @loader_path/Frameworks";
				PRODUCT_BUNDLE_IDENTIFIER = "Breakware.Space-PhishTests";
				PRODUCT_NAME = "$(TARGET_NAME)";
				SWIFT_VERSION = 3.0;
				TEST_HOST = "$(BUILT_PRODUCTS_DIR)/Space Phish.app/Space Phish";
			};
			name = Release;
		};
		DA11A71F1D6CD1370047E0A5 /* Debug */ = {
			isa = XCBuildConfiguration;
			buildSettings = {
				DEBUG_INFORMATION_FORMAT = dwarf;
				INFOPLIST_FILE = "Space PhishUITests/Info.plist";
				LD_RUNPATH_SEARCH_PATHS = "$(inherited) @executable_path/Frameworks @loader_path/Frameworks";
				PRODUCT_BUNDLE_IDENTIFIER = "Breakware.Space-PhishUITests";
				PRODUCT_NAME = "$(TARGET_NAME)";
				SWIFT_VERSION = 3.0;
				TEST_TARGET_NAME = "Space Phish";
			};
			name = Debug;
		};
		DA11A7201D6CD1370047E0A5 /* Release */ = {
			isa = XCBuildConfiguration;
			buildSettings = {
				INFOPLIST_FILE = "Space PhishUITests/Info.plist";
				LD_RUNPATH_SEARCH_PATHS = "$(inherited) @executable_path/Frameworks @loader_path/Frameworks";
				PRODUCT_BUNDLE_IDENTIFIER = "Breakware.Space-PhishUITests";
				PRODUCT_NAME = "$(TARGET_NAME)";
				SWIFT_VERSION = 3.0;
				TEST_TARGET_NAME = "Space Phish";
			};
			name = Release;
		};
/* End XCBuildConfiguration section */

/* Begin XCConfigurationList section */
		DA11A6E71D6CD1360047E0A5 /* Build configuration list for PBXProject "Space Phish" */ = {
			isa = XCConfigurationList;
			buildConfigurations = (
				DA11A7161D6CD1370047E0A5 /* Debug */,
				DA11A7171D6CD1370047E0A5 /* Release */,
			);
			defaultConfigurationIsVisible = 0;
			defaultConfigurationName = Release;
		};
		DA11A7181D6CD1370047E0A5 /* Build configuration list for PBXNativeTarget "Space Phish" */ = {
			isa = XCConfigurationList;
			buildConfigurations = (
				DA11A7191D6CD1370047E0A5 /* Debug */,
				DA11A71A1D6CD1370047E0A5 /* Release */,
			);
			defaultConfigurationIsVisible = 0;
			defaultConfigurationName = Release;
		};
		DA11A71B1D6CD1370047E0A5 /* Build configuration list for PBXNativeTarget "Space PhishTests" */ = {
			isa = XCConfigurationList;
			buildConfigurations = (
				DA11A71C1D6CD1370047E0A5 /* Debug */,
				DA11A71D1D6CD1370047E0A5 /* Release */,
			);
			defaultConfigurationIsVisible = 0;
			defaultConfigurationName = Release;
		};
		DA11A71E1D6CD1370047E0A5 /* Build configuration list for PBXNativeTarget "Space PhishUITests" */ = {
			isa = XCConfigurationList;
			buildConfigurations = (
				DA11A71F1D6CD1370047E0A5 /* Debug */,
				DA11A7201D6CD1370047E0A5 /* Release */,
			);
			defaultConfigurationIsVisible = 0;
			defaultConfigurationName = Release;
		};
/* End XCConfigurationList section */
	};
	rootObject = DA11A6E41D6CD1360047E0A5 /* Project object */;
}
